
Microsoft Visual Studio Solution File, Format Version 12.00
# Visual Studio Version 17
VisualStudioVersion = 17.2.32630.192
MinimumVisualStudioVersion = 10.0.40219.1
Project("{FAE04EC0-301F-11D3-BF4B-00C04F79EFBC}") = "EssentialClasses", "EssentialClasses\EssentialClasses.csproj", "{0AA6EC9B-402C-4649-B6C9-E2FAC39B4D91}"
EndProject
Global
	GlobalSection(SolutionConfigurationPlatforms) = preSolution
		Debug|Any CPU = Debug|Any CPU
		Release|Any CPU = Release|Any CPU
	EndGlobalSection
	GlobalSection(ProjectConfigurationPlatforms) = postSolution
		{0AA6EC9B-402C-4649-B6C9-E2FAC39B4D91}.Debug|Any CPU.ActiveCfg = Debug|Any CPU
		{0AA6EC9B-402C-4649-B6C9-E2FAC39B4D91}.Debug|Any CPU.Build.0 = Debug|Any CPU
		{0AA6EC9B-402C-4649-B6C9-E2FAC39B4D91}.Release|Any CPU.ActiveCfg = Release|Any CPU
		{0AA6EC9B-402C-4649-B6C9-E2FAC39B4D91}.Release|Any CPU.Build.0 = Release|Any CPU
	EndGlobalSection
	GlobalSection(SolutionProperties) = preSolution
		HideSolutionNode = FALSE
	EndGlobalSection
	GlobalSection(ExtensibilityGlobals) = postSolution
		SolutionGuid = {AD2351BE-48FA-4B11-8D37-8585BC4A6795}
	EndGlobalSection
EndGlobal
